{
  "nodes": {
    "nixpkgs": {
      "locked": {
        "lastModified": 1763283776,
        "narHash": "sha256-Y7TDFPK4GlqrKrivOcsHG8xSGqQx3A6c+i7novT85Uk=",
        "owner": "NixOS",
        "repo": "nixpkgs",
        "rev": "50a96edd8d0db6cc8db57dab6bb6d6ee1f3dc49a",
        "type": "github"
      },
      "original": {
        "owner": "NixOS",
        "ref": "nixos-unstable",
        "repo": "nixpkgs",
        "type": "github"
      }
    },
    "root": {
      "inputs": {
        "nixpkgs": "nixpkgs"
      }
    }
  },
  "root": "root",
  "version": 7
}
