---
lockfileVersion: '9.0'

importers:

  .:
    configDependencies: {}
    packageManagerDependencies:
      pnpm:
        specifier: 12.9.0
        version: 12.9.0

packages:

  '@pnpm/exe.android-arm64@12.9.0':
    resolution: {integrity: sha512-/53fHFwP1mBYQjli6h3LBZsocAMjrEY6hCDiomIwdLIFbtxHrWucPg/s8ozOG3K6Qt8yEA78v7fCcNrgZKTlEQ==}
    cpu: [arm64]
    os: [android]

  '@pnpm/exe.android-x64@12.9.0':
    resolution: {integrity: sha512-QI+Md3q3Df0WbDGpqciRw9ge0r7CGbxSlP3HcyIf34/YdZsbmUTl416oWOe3RrkZpVVVCA20f8B9esYrITpArA==}
    cpu: [x64]
    os: [android]

  '@pnpm/exe.darwin-arm64@12.9.0':
    resolution: {integrity: sha512-mWr7fGPYJ12GuvU/q0SyJfj7X/9Eqa5dA6cc+yUUAKRdYEcqW4lQcsDd1ArfxJNSDYooz9X+UhFeVxKO9e/xDA==}
    cpu: [arm64]
    os: [darwin]

  '@pnpm/exe.darwin-x64@12.9.0':
    resolution: {integrity: sha512-fr4ns4FyMLptdYbWqW3yc/yvbfQP7D1RBCFUJpSPr7tOzd3JxZvl+Tkvg65kEAGU5wXI6vl3eCOofumEj/n3Gw==}
    cpu: [x64]
    os: [darwin]

  '@pnpm/exe.freebsd-x64@12.9.0':
    resolution: {integrity: sha512-4+hZPeJzSSw1oOrfUg+v4QylHv6qKhdgcCnKt9ooryE79p1Z9oyozVJ5em+g6ajbvv6jlH+epnht8/s9Cp5M3Q==}
    cpu: [x64]
    os: [freebsd]

  '@pnpm/exe.linux-arm64-musl@12.9.0':
    resolution: {integrity: sha512-+mHQSbA6M6W71PyV0IxYu2T43lZA8rAhlw4Gy7EMlyiv8H2GWJAXtUXl2huw7tnsar2AhCRlPn/ZvUv+/mIBkA==}
    cpu: [arm64]
    os: [linux]
    libc: [musl]

  '@pnpm/exe.linux-arm64@12.9.0':
    resolution: {integrity: sha512-U1mBoG27+J/HuWYtVZOQrvbiKnTlDsDVzyroKQqHsJaTHTXi0H5Y+fU1GjUyMcNG5r/EXtbhp9iAwQt64uXTxQ==}
    cpu: [arm64]
    os: [linux]
    libc: [glibc]

  '@pnpm/exe.linux-ppc64@12.9.0':
    resolution: {integrity: sha512-P5bgei3i6wjlKq6s4PNg/0cvik354upY2wW3YGSfweYTABnAZP2zGzgMc0eO5SHTz934Cbya8Z0YFRdw6MfmCg==}
    cpu: [ppc64]
    os: [linux]
    libc: [glibc]

  '@pnpm/exe.linux-riscv64@12.9.0':
    resolution: {integrity: sha512-oNx2uOo2gVrRckEvz7V+FKeq9HOF0rKNHcCyxRRHSXEXpmP6ZMMgJ+iU/m/zfSGp6bAcC5mvAE270FhAeIeKhA==}
    cpu: [riscv64]
    os: [linux]
    libc: [glibc]

  '@pnpm/exe.linux-s390x@12.9.0':
    resolution: {integrity: sha512-OChHS7hOlqdBMtZqjIB1QoZGNfzLPSsvTa2kYanf3qso5Q+KgnROQ+uV4a0wRGC6sdshSA63+Ui8MCylRy6iwA==}
    cpu: [s390x]
    os: [linux]
    libc: [glibc]

  '@pnpm/exe.linux-x64-musl@12.9.0':
    resolution: {integrity: sha512-ubZPsDMXS+LEnPa7wZD18E+KTpOAZPt+ms/khfIROt+6Cp0A2kayQA8aIsvV7+jGZD0xoknvaGN/P3v9OisZUg==}
    cpu: [x64]
    os: [linux]
    libc: [musl]

  '@pnpm/exe.linux-x64@12.9.0':
    resolution: {integrity: sha512-ElANYUwQuMfWqMJR4m5L5h9zKjvGKcA8hi2put4J1DMx2smVaNGkGnxkgeIYgMjmF7UFxlZDcL4jItkScgsW4A==}
    cpu: [x64]
    os: [linux]
    libc: [glibc]

  '@pnpm/exe.win32-arm64@12.9.0':
    resolution: {integrity: sha512-cqnBKZg5e9fFghmYtgJLyZOAsS1EyLeDVJ0qNsjR7hcc+dq1mWRiDo0erqdj2PGoYaVogyF9WejZSJoKvlfXDw==}
    cpu: [arm64]
    os: [win32]

  '@pnpm/exe.win32-x64@12.9.0':
    resolution: {integrity: sha512-khqst6QGgHdKs2lEmz0N75qN/EoOcEywNQlRPfBrBrq1SytHra6ro/xViueJkVvDOz9gEO8oYcXTdZeAjErjMg==}
    cpu: [x64]
    os: [win32]

  pnpm@12.9.0:
    resolution: {integrity: sha512-j2TvoLeSmGypiuVoeRvNdyKAfidMTwwdmFPGIRZJXFhBGduYdioqU0OxaE02G5rib90W1VFmbXY1NG0/roMN3Q==}
    engines: {node: '>=18.*'}
    hasBin: true

snapshots:

  '@pnpm/exe.android-arm64@12.9.0':
    optional: true

  '@pnpm/exe.android-x64@12.9.0':
    optional: true

  '@pnpm/exe.darwin-arm64@12.9.0':
    optional: true

  '@pnpm/exe.darwin-x64@12.9.0':
    optional: true

  '@pnpm/exe.freebsd-x64@12.9.0':
    optional: true

  '@pnpm/exe.linux-arm64-musl@12.9.0':
    optional: true

  '@pnpm/exe.linux-arm64@12.9.0':
    optional: true

  '@pnpm/exe.linux-ppc64@12.9.0':
    optional: true

  '@pnpm/exe.linux-riscv64@12.9.0':
    optional: true

  '@pnpm/exe.linux-s390x@12.9.0':
    optional: true

  '@pnpm/exe.linux-x64-musl@12.9.0':
    optional: true

  '@pnpm/exe.linux-x64@12.9.0':
    optional: true

  '@pnpm/exe.win32-arm64@12.9.0':
    optional: true

  '@pnpm/exe.win32-x64@12.9.0':
    optional: true

  pnpm@12.9.0:
    optionalDependencies:
      '@pnpm/exe.android-arm64': 12.9.0
      '@pnpm/exe.android-x64': 12.9.0
      '@pnpm/exe.darwin-arm64': 12.9.0
      '@pnpm/exe.darwin-x64': 12.9.0
      '@pnpm/exe.freebsd-x64': 12.9.0
      '@pnpm/exe.linux-arm64': 12.9.0
      '@pnpm/exe.linux-arm64-musl': 12.9.0
      '@pnpm/exe.linux-ppc64': 12.9.0
      '@pnpm/exe.linux-riscv64': 12.9.0
      '@pnpm/exe.linux-s390x': 12.9.0
      '@pnpm/exe.linux-x64': 12.9.0
      '@pnpm/exe.linux-x64-musl': 12.9.0
      '@pnpm/exe.win32-arm64': 12.9.0
      '@pnpm/exe.win32-x64': 12.9.0

---
lockfileVersion: '9.0'

settings:
  autoInstallPeers: true
  excludeLinksFromLockfile: false

importers:

  .:
    dependencies:
      '@types/micromatch':
        specifier: 4.0.10
        version: 4.0.10
      '@types/node':
        specifier: 24.13.5
        version: 24.13.5
      browserslist:
        specifier: ^4.28.9
        version: 4.28.9
      esbuild:
        specifier: 0.28.2
        version: 0.28.2
      fast-glob:
        specifier: 3.3.3
        version: 3.3.3
      json-stringify-pretty-compact:
        specifier: 4.0.0
        version: 4.0.0
      lightningcss:
        specifier: ^1.33.0
        version: 1.33.0
      micromatch:
        specifier: 4.0.8
        version: 4.0.8
      picocolors:
        specifier: ^1.1.1
        version: 1.1.1
      sasso:
        specifier: ^0.19.3
        version: 0.19.3
      typescript:
        specifier: 7.0.2
        version: 7.0.2

packages:

  '@esbuild/darwin-arm64@0.28.2':
    resolution: {integrity: sha512-n4KqkOQrraxHJcgjM1RvwbigfQKIKJVpM7xp+KsxiyUSrRdIXnt73VhrPAx0fV44hgfmIVKjxMN9J1t5jySVkw==}
    engines: {node: '>=18'}
    cpu: [arm64]
    os: [darwin]

  '@esbuild/darwin-x64@0.28.2':
    resolution: {integrity: sha512-uq6suIWYP37qzGddBKPw5QEQPi6HiLGsO7UmkpfyaYNQ3D+rN6w6WfwH+nuqcGXWvawGwxOEroO4YGnFh95azw==}
    engines: {node: '>=18'}
    cpu: [x64]
    os: [darwin]

  '@esbuild/linux-arm64@0.28.2':
    resolution: {integrity: sha512-pW4AC0P3it8c7do9MVM4p51FzHzdM/TZrerurgRcHJ2WTa1VQ1CIq18xncfpBJw4ojkiZZrKW2yIBWBP92j6Ug==}
    engines: {node: '>=18'}
    cpu: [arm64]
    os: [linux]

  '@esbuild/linux-arm@0.28.2':
    resolution: {integrity: sha512-XlDnu2q5yoqems+xay6wSAcg9DDD7K9RLKZEBOMZm3ckNpJBvOX20tSfby8KfrrhINDyv9V2YVZKY/SpoGJI8w==}
    engines: {node: '>=18'}
    cpu: [arm]
    os: [linux]

  '@esbuild/linux-x64@0.28.2':
    resolution: {integrity: sha512-4xTZr1FUmSoQW4XIWmit3tzQrUTZM+N3P0XV8xROKYF50XfI7xeO90+1bZvNwxIufQ9hDQVRJH5YhgPVF8A/HQ==}
    engines: {node: '>=18'}
    cpu: [x64]
    os: [linux]

  '@esbuild/win32-arm64@0.28.2':
    resolution: {integrity: sha512-PIhhEkE9uPBleRBrQEJpUn7MBnibZzbGzYWPmY3x+YoVg/95zbjB4CxPPOQ8l5tYYM4mMaCthF8/1DIfBQQyWQ==}
    engines: {node: '>=18'}
    cpu: [arm64]
    os: [win32]

  '@esbuild/win32-x64@0.28.2':
    resolution: {integrity: sha512-5ebpxr3nWMzrL/rnUI755Jkuee0bHL/Gq0WTF9lvcpv73wAp5eu8MfBUgWK9bhWvZjj7yX8etf/8tI8Ney695g==}
    engines: {node: '>=18'}
    cpu: [x64]
    os: [win32]

  '@nodelib/fs.scandir@2.1.5':
    resolution: {integrity: sha512-vq24Bq3ym5HEQm2NKCr3yXDwjc7vTsEThRDnkp2DK9p1uqLR+DHurm/NOTo0KG7HYHU7eppKZj3MyqYuMBf62g==}
    engines: {node: '>= 8'}

  '@nodelib/fs.stat@2.0.5':
    resolution: {integrity: sha512-RkhPPp2zrqDAQA/2jNhnztcPAlv64XdhIp7a7454A5ovI7Bukxgt7MX7udwAu3zg1DcpPU0rz3VV1SeaqvY4+A==}
    engines: {node: '>= 8'}

  '@nodelib/fs.walk@1.2.8':
    resolution: {integrity: sha512-oGB+UxlgWcgQkgwo8GcEGwemoTFt3FIO9ababBmaGwXIoBKZ+GTy0pP185beGg7Llih/NSHSV2XAs1lnznocSg==}
    engines: {node: '>= 8'}

  '@types/braces@3.0.5':
    resolution: {integrity: sha512-SQFof9H+LXeWNz8wDe7oN5zu7ket0qwMu5vZubW4GCJ8Kkeh6nBWUz87+KTz/G3Kqsrp0j/W253XJb3KMEeg3w==}

  '@types/micromatch@4.0.10':
    resolution: {integrity: sha512-5jOhFDElqr4DKTrTEbnW8DZ4Hz5LRUEmyrGpCMrD/NphYv3nUnaF08xmSLx1rGGnyEs/kFnhiw6dCgcDqMr5PQ==}

  '@types/node@24.13.5':
    resolution: {integrity: sha512-TXyindR+lBr22aJIdMQzCFHPHR6cR4js838mRDCSz5hOKWZvZwsXSSiXDmjRj4iJmgl+sR9O+1mkoVBSMadNug==}

  '@typescript/typescript-darwin-arm64@7.0.2':
    resolution: {integrity: sha512-gowzar9MwS/aRWp6f3a4KUqzRjAZjOsmGNCM6LcTgXum+dBfgsBVMN+AgvOCCbguXyick6LJhpBszxMebJ8syA==}
    engines: {node: '>=16.20.0'}
    cpu: [arm64]
    os: [darwin]

  '@typescript/typescript-darwin-x64@7.0.2':
    resolution: {integrity: sha512-SZ9xZInqApNlNGc9s0W1VSsktYSOe9cFqNOIqmN1Gs8SmkjKZYFt017G4VwPxASInODuAdbTW7sXiFUf893RgA==}
    engines: {node: '>=16.20.0'}
    cpu: [x64]
    os: [darwin]

  '@typescript/typescript-linux-arm64@7.0.2':
    resolution: {integrity: sha512-Qh4eU4/y3yDjnfjjyPYihMj5/ODIlmt+Bzu17OI+fiSRDW57QmU5SiN63exPRNJPKUzcc1INa1NXdrJ+MqHjUQ==}
    engines: {node: '>=16.20.0'}
    cpu: [arm64]
    os: [linux]

  '@typescript/typescript-linux-arm@7.0.2':
    resolution: {integrity: sha512-gffT3xPz9sR7j/YJExkyPntrI0P2EP9XbOyWzth2/Gs0RstK+90RBcO0ncXoXy/beYll1SXw846Nf2zdnEz0QQ==}
    engines: {node: '>=16.20.0'}
    cpu: [arm]
    os: [linux]

  '@typescript/typescript-linux-x64@7.0.2':
    resolution: {integrity: sha512-EYdf2cNg7rgCWJnxCdJ+F3V39O8ihb37eHAu1LK8oAFizgTQbPOK7zHHXbPt8rX24COqODXeI3sIf0fCXG7H/A==}
    engines: {node: '>=16.20.0'}
    cpu: [x64]
    os: [linux]

  '@typescript/typescript-win32-arm64@7.0.2':
    resolution: {integrity: sha512-Gyl1Vy6OsWesLzmq+EP0Fb7b4Nid5232AvcA2SFcdYreldpNtYFFofPjnt62y9hQy7VTaZp65ICJjuAQRaVcIQ==}
    engines: {node: '>=16.20.0'}
    cpu: [arm64]
    os: [win32]

  '@typescript/typescript-win32-x64@7.0.2':
    resolution: {integrity: sha512-0BQ3HkAHHlKLSp1qRvf3SUhGpGsDuhB/jgFw75guyqbxJqEaS0Cw/VFO8i2nHglJUzQCRtMMR/IBAKE3ETMC4g==}
    engines: {node: '>=16.20.0'}
    cpu: [x64]
    os: [win32]

  baseline-browser-mapping@2.11.20:
    resolution: {integrity: sha512-H0ulySigv6icDJ1F7SjtdCD6PrhTpdYCmP0CactWy1+ekh0AFd0o1Wn5T8b+hnTmdBx19u9yhL6wvCylXMY7zw==}
    engines: {node: '>=6.0.0'}
    hasBin: true

  braces@3.0.3:
    resolution: {integrity: sha512-yQbXgO/OSZVD2IsiLlro+7Hf6Q18EJrKSEsdoMzKePKXct3gvD8oLcOQdIzGupr5Fj+EDe8gO/lxc1BzfMpxvA==}
    engines: {node: '>=8'}

  browserslist@4.28.9:
    resolution: {integrity: sha512-EWazOblFYUvlGZcfGhPUPmYh3nikUxBVb+y9MJun5f3hBi812X+8MSQTujLBtgK3cf51fJWbWfOjyeO954d+Eg==}
    engines: {node: ^6 || ^7 || ^8 || ^9 || ^10 || ^11 || ^12 || >=13.7}
    hasBin: true

  caniuse-lite@1.0.30001810:
    resolution: {integrity: sha512-TITQPUkaz+aVk5GL6NhOdwk1aEaNTSDPsGFWrTuhKGtjTF70jL/Oht2W4c6rXUe5fu7Ie19VIahAXHIIiWWNeg==}

  detect-libc@2.1.2:
    resolution: {integrity: sha512-Btj2BOOO83o3WyH59e8MgXsxEQVcarkUOpEYrubB0urwnN10yQ364rsiByU11nZlqWYZm05i/of7io4mzihBtQ==}
    engines: {node: '>=8'}

  electron-to-chromium@1.5.422:
    resolution: {integrity: sha512-UvA/32XqrLDdZSn7Jllo1AYNcWji/G0d5M0GTViE7KoGBiMunw3a34Sb2KO4ZZyrSEhqsxFoVhWWJshdyfKqJA==}

  esbuild@0.28.2:
    resolution: {integrity: sha512-HKVLS8dvII+xoKW9kmqxbRKrnWEXfJJr/FZhhJmiqIB0e053QNYFqOBouTMO/k5sID4MvCiUCvv8b9M4h32wIA==}
    engines: {node: '>=18'}
    hasBin: true

  escalade@3.2.0:
    resolution: {integrity: sha512-WUj2qlxaQtO4g6Pq5c29GTcWGDyd8itL8zTlipgECz3JesAiiOKotd8JU6otB3PACgG6xkJUyVhboMS+bje/jA==}
    engines: {node: '>=6'}

  fast-glob@3.3.3:
    resolution: {integrity: sha512-7MptL8U0cqcFdzIzwOTHoilX9x5BrNqye7Z/LuC7kCMRio1EMSyqRK3BEAUD7sXRq4iT4AzTVuZdhgQ2TCvYLg==}
    engines: {node: '>=8.6.0'}

  fastq@1.19.0:
    resolution: {integrity: sha512-7SFSRCNjBQIZH/xZR3iy5iQYR8aGBE0h3VG6/cwlbrpdciNYBMotQav8c1XI3HjHH+NikUpP53nPdlZSdWmFzA==}

  fill-range@7.1.1:
    resolution: {integrity: sha512-YsGpe3WHLK8ZYi4tWDg2Jy3ebRz2rXowDxnld4bkQB00cc/1Zw9AWnC0i9ztDJitivtQvaI9KaLyKrc+hBW0yg==}
    engines: {node: '>=8'}

  glob-parent@5.1.2:
    resolution: {integrity: sha512-AOIgSQCepiJYwP3ARnGx+5VnTu2HBYdzbGP45eLw1vr3zB3vZLeyed1sC9hnbcOc9/SrMyM5RPQrkGz4aS9Zow==}
    engines: {node: '>= 6'}

  is-extglob@2.1.1:
    resolution: {integrity: sha512-SbKbANkN603Vi4jEZv49LeVJMn4yGwsbzZworEoyEiutsN3nJYdbO36zfhGJ6QEDpOZIFkDtnq5JRxmvl3jsoQ==}
    engines: {node: '>=0.10.0'}

  is-glob@4.0.3:
    resolution: {integrity: sha512-xelSayHH36ZgE7ZWhli7pW34hNbNl8Ojv5KVmkJD4hBdD3th8Tfk9vYasLM+mXWOZhFkgZfxhLSnrwRr4elSSg==}
    engines: {node: '>=0.10.0'}

  is-number@7.0.0:
    resolution: {integrity: sha512-41Cifkg6e8TylSpdtTpeLVMqvSBEVzTttHvERD741+pnZ8ANv0004MRL43QKPDlK9cGvNp6NZWZUBlbGXYxxng==}
    engines: {node: '>=0.12.0'}

  json-stringify-pretty-compact@4.0.0:
    resolution: {integrity: sha512-3CNZ2DnrpByG9Nqj6Xo8vqbjT4F6N+tb4Gb28ESAZjYZ5yqvmc56J+/kuIwkaAMOyblTQhUW7PxMkUb8Q36N3Q==}

  lightningcss-darwin-arm64@1.33.0:
    resolution: {integrity: sha512-Sciaz8eenNTKn9b3t7+xr0ipTp9YxKQY4npwQ3mrRuL0BAVHBLyZxofhaKBAVtzmtRZ/zTyo0/to4B1uWG/Djg==}
    engines: {node: '>= 12.0.0'}
    cpu: [arm64]
    os: [darwin]

  lightningcss-darwin-x64@1.33.0:
    resolution: {integrity: sha512-Z5UPAxzrjlWNNyGy6i65cJzzvgJ5D3T6wMvs+gWpY9d7qRhANrxqAp6LhxIgZhWEw18RfJTGcRxjuLIBr+m8XQ==}
    engines: {node: '>= 12.0.0'}
    cpu: [x64]
    os: [darwin]

  lightningcss-linux-arm64-gnu@1.33.0:
    resolution: {integrity: sha512-j2v/itmy4HlNxlc6voKXYgBqNi0Ng2LShg4z7GufpEgs05P+2suBVyi9I6YHq5uoVFx9ETin3eCEhLVyXGQnKg==}
    engines: {node: '>= 12.0.0'}
    cpu: [arm64]
    os: [linux]
    libc: [glibc]

  lightningcss-linux-arm64-musl@1.33.0:
    resolution: {integrity: sha512-yiO5ROMuYQgXbC60yjZU5CYSFZGKXL0HFATXt9mHJn1+zW55oCtMI9NfcVhYLMFDL7gV7oBPon/EmMMGg2OvtQ==}
    engines: {node: '>= 12.0.0'}
    cpu: [arm64]
    os: [linux]
    libc: [musl]

  lightningcss-linux-x64-gnu@1.33.0:
    resolution: {integrity: sha512-ar+Ju7LmcN0Jo4FpL4hpFybwNG9/3A/Br5KW2n2jyODg3MEZXaDYADdemoNS+BDNfMgKvylJLj4S5tyRActuAg==}
    engines: {node: '>= 12.0.0'}
    cpu: [x64]
    os: [linux]
    libc: [glibc]

  lightningcss-linux-x64-musl@1.33.0:
    resolution: {integrity: sha512-RYiYbkokw0trfKqqzfF55lginwEPrD3OJDfTuJzFs1MK6iFnDenaz1fqLLtX4ITG3OktJQXOeTaw1awrBAlZPw==}
    engines: {node: '>= 12.0.0'}
    cpu: [x64]
    os: [linux]
    libc: [musl]

  lightningcss-win32-arm64-msvc@1.33.0:
    resolution: {integrity: sha512-1K+MPfLSFVpphzpdbfkhlWk6wBrTObBzS2T6db10PNOZgR9GoVsAWzwNyuhUYYbTp23j+4RrncfujZ4uAzXvwA==}
    engines: {node: '>= 12.0.0'}
    cpu: [arm64]
    os: [win32]

  lightningcss-win32-x64-msvc@1.33.0:
    resolution: {integrity: sha512-OlEICDx/Xl0FqSp4bry8zFnCvGpig3Gl4gCquvYwHuqJKEC1+n9NgDniFvqHGmMv1ZkqDJrDqKKSykTDX+ehuA==}
    engines: {node: '>= 12.0.0'}
    cpu: [x64]
    os: [win32]

  lightningcss@1.33.0:
    resolution: {integrity: sha512-WkUDrojuJs0xkgGf2udWxa3yGBRxPtxUkB79i6aCZLRgc7PM8fZe9TosfPDcvEpQZbuFASnHYmRLBLUbmLOIIA==}
    engines: {node: '>= 12.0.0'}

  merge2@1.4.1:
    resolution: {integrity: sha512-8q7VEgMJW4J8tcfVPy8g09NcQwZdbwFEqhe/WZkoIzjn/3TGDwtOCYtXGxA3O8tPzpczCCDgv+P2P5y00ZJOOg==}
    engines: {node: '>= 8'}

  micromatch@4.0.8:
    resolution: {integrity: sha512-PXwfBhYu0hBCPw8Dn0E+WDYb7af3dSLVWKi3HGv84IdF4TyFoC0ysxFd0Goxw7nSv4T/PzEJQxsYsEiFCKo2BA==}
    engines: {node: '>=8.6'}

  node-releases@2.0.54:
    resolution: {integrity: sha512-YHs7BmmcsdAI5Ozuf8JZo6PT0mv2GIWC9vMfvUC3dp65M8hn7Ux8CPL+2oBI7juNuj9d0ndhTcznq2ODBps9cQ==}
    engines: {node: '>=18'}

  picocolors@1.1.1:
    resolution: {integrity: sha512-xceH2snhtb5M9liqDsmEw56le376mTZkEX/jEb/RxNFyegNul7eNslCXP9FDj/Lcu0X8KEyMceP2ntpaHrDEVA==}

  picomatch@2.3.1:
    resolution: {integrity: sha512-JU3teHTNjmE2VCGFzuY8EXzCDVwEqB2a8fsIvwaStHhAWJEeVd1o1QD80CU6+ZdEXXSLbSsuLwJjkCBWqRQUVA==}
    engines: {node: '>=8.6'}

  queue-microtask@1.2.3:
    resolution: {integrity: sha512-NuaNSa6flKT5JaSYQzJok04JzTL1CA6aGhv5rfLW3PgqA+M2ChpZQnAC8h8i4ZFkBS8X5RqkDBHA7r4hej3K9A==}

  reusify@1.0.4:
    resolution: {integrity: sha512-U9nH88a3fc/ekCF1l0/UP1IosiuIjyTh7hBvXVMHYgVcfGvt897Xguj2UOLDeI5BG2m7/uwyaLVT6fbtCwTyzw==}
    engines: {iojs: '>=1.0.0', node: '>=0.10.0'}

  run-parallel@1.2.0:
    resolution: {integrity: sha512-5l4VyZR86LZ/lDxZTR6jqL8AFE2S0IFLMP26AbjsLVADxHdhB/c0GUsH+y39UfCi3dzz8OlQuPmnaJOMoDHQBA==}

  sasso-native-darwin-arm64@0.19.3:
    resolution: {integrity: sha512-IMmUbAQJLzYoIRtZupguzOdltHJ0EJ8U/Hh/AGYYa4+0aF+oTOtK+7ktZtd7yT1Ok4vsCpBEN4duO6tMJdBuHg==}
    engines: {node: '>=18'}
    cpu: [arm64]
    os: [darwin]

  sasso-native-darwin-x64@0.19.3:
    resolution: {integrity: sha512-NW3F1w9BaiNzyM9fvoun+F9JleI+K7hI1aHUA+/d9jngSRbN2GOMTtj/rtI6/rrcJxP2zQJ6sMC2u/1bgbtGCA==}
    engines: {node: '>=18'}
    cpu: [x64]
    os: [darwin]

  sasso-native-linux-arm64-gnu@0.19.3:
    resolution: {integrity: sha512-Jxfw88NYPJJzK6ThYjg5HmlXtrFSnA4Ovmhy6zSBUSXdlU06nhcJ3IWMEM6e8peLt65WOuwdRA1wsdWzuY9PZg==}
    engines: {node: '>=18'}
    cpu: [arm64]
    os: [linux]
    libc: [glibc]

  sasso-native-linux-x64-gnu@0.19.3:
    resolution: {integrity: sha512-dpjDaoLA1U+itA3EAHK/7yNeM4uuTiaw73iP2UHAEXNOcCTx+hicRbZ688Dr/XgsvXxuW52PIlOOp+zb5u/Yqg==}
    engines: {node: '>=18'}
    cpu: [x64]
    os: [linux]
    libc: [glibc]

  sasso@0.19.3:
    resolution: {integrity: sha512-59rcPxU22hhl6TSFr12L9o8NBt9nwuvyUHU8pVowtADEZLTwiQ87nL43a1jFGfQh4w9f3BRBSaqhuPeEVHoq0g==}
    engines: {node: '>=16'}
    hasBin: true

  to-regex-range@5.0.1:
    resolution: {integrity: sha512-65P7iz6X5yEr1cwcgvQxbbIw7Uk3gOy5dIdtZ4rDveLqhrdJP+Li/Hx6tyK0NEb+2GCyneCMJiGqrADCSNk8sQ==}
    engines: {node: '>=8.0'}

  typescript@7.0.2:
    resolution: {integrity: sha512-8FYau96o3NKOhbjKi/qNvG/W5jhzxkbdm5sj9AbZ/5T5sWqn3hJgLfGx27sRKZWTvyzCP8dLRBTf5tBTSRVUNA==}
    engines: {node: '>=16.20.0'}
    hasBin: true

  undici-types@7.18.2:
    resolution: {integrity: sha512-AsuCzffGHJybSaRrmr5eHr81mwJU3kjw6M+uprWvCXiNeN9SOGwQ3Jn8jb8m3Z6izVgknn1R0FTCEAP2QrLY/w==}

  update-browserslist-db@1.3.2:
    resolution: {integrity: sha512-UQ+MSxlhRm1bzjhU+DcuXfjFO1FzNtqhK5+9Yvlp90ItDLk5vT932A0rFu619nf7RVS+Y/VeaUW1jaRDqZ8VJw==}
    hasBin: true
    peerDependencies:
      browserslist: '>= 4.21.0'

ignoredOptionalDependencies:
  - '*arm-*'
  - '*ia32-*'
  - '*-ia32*'
  - '*loong64-*'
  - '*-loong64*'
  - '*mips64el-*'
  - '*-mips64el*'
  - '*ppc64-*'
  - '*-ppc64*'
  - '*riscv64-*'
  - '*-riscv64*'
  - '*s390x-*'
  - '*-s390x*'
  - '*aix-*'
  - '*-aix*'
  - '*android-*'
  - '*-android*'
  - '*freebsd-*'
  - '*-freebsd*'
  - '*openbsd-*'
  - '*-openbsd*'
  - '*openharmony-*'
  - '*-openharmony*'
  - '*netbsd-*'
  - '*-netbsd*'
  - '*sunos-*'
  - '*-sunos*'

snapshots:

  '@esbuild/darwin-arm64@0.28.2':
    optional: true

  '@esbuild/darwin-x64@0.28.2':
    optional: true

  '@esbuild/linux-arm64@0.28.2':
    optional: true

  '@esbuild/linux-arm@0.28.2':
    optional: true

  '@esbuild/linux-x64@0.28.2':
    optional: true

  '@esbuild/win32-arm64@0.28.2':
    optional: true

  '@esbuild/win32-x64@0.28.2':
    optional: true

  '@nodelib/fs.scandir@2.1.5':
    dependencies:
      '@nodelib/fs.stat': 2.0.5
      run-parallel: 1.2.0

  '@nodelib/fs.stat@2.0.5': {}

  '@nodelib/fs.walk@1.2.8':
    dependencies:
      '@nodelib/fs.scandir': 2.1.5
      fastq: 1.19.0

  '@types/braces@3.0.5': {}

  '@types/micromatch@4.0.10':
    dependencies:
      '@types/braces': 3.0.5

  '@types/node@24.13.5':
    dependencies:
      undici-types: 7.18.2

  '@typescript/typescript-darwin-arm64@7.0.2':
    optional: true

  '@typescript/typescript-darwin-x64@7.0.2':
    optional: true

  '@typescript/typescript-linux-arm64@7.0.2':
    optional: true

  '@typescript/typescript-linux-arm@7.0.2':
    optional: true

  '@typescript/typescript-linux-x64@7.0.2':
    optional: true

  '@typescript/typescript-win32-arm64@7.0.2':
    optional: true

  '@typescript/typescript-win32-x64@7.0.2':
    optional: true

  baseline-browser-mapping@2.11.20: {}

  braces@3.0.3:
    dependencies:
      fill-range: 7.1.1

  browserslist@4.28.9:
    dependencies:
      baseline-browser-mapping: 2.11.20
      caniuse-lite: 1.0.30001810
      electron-to-chromium: 1.5.422
      node-releases: 2.0.54
      update-browserslist-db: 1.3.2(browserslist@4.28.9)

  caniuse-lite@1.0.30001810: {}

  detect-libc@2.1.2: {}

  electron-to-chromium@1.5.422: {}

  esbuild@0.28.2:
    optionalDependencies:
      '@esbuild/darwin-arm64': 0.28.2
      '@esbuild/darwin-x64': 0.28.2
      '@esbuild/linux-arm': 0.28.2
      '@esbuild/linux-arm64': 0.28.2
      '@esbuild/linux-x64': 0.28.2
      '@esbuild/win32-arm64': 0.28.2
      '@esbuild/win32-x64': 0.28.2

  escalade@3.2.0: {}

  fast-glob@3.3.3:
    dependencies:
      '@nodelib/fs.stat': 2.0.5
      '@nodelib/fs.walk': 1.2.8
      glob-parent: 5.1.2
      merge2: 1.4.1
      micromatch: 4.0.8

  fastq@1.19.0:
    dependencies:
      reusify: 1.0.4

  fill-range@7.1.1:
    dependencies:
      to-regex-range: 5.0.1

  glob-parent@5.1.2:
    dependencies:
      is-glob: 4.0.3

  is-extglob@2.1.1: {}

  is-glob@4.0.3:
    dependencies:
      is-extglob: 2.1.1

  is-number@7.0.0: {}

  json-stringify-pretty-compact@4.0.0: {}

  lightningcss-darwin-arm64@1.33.0:
    optional: true

  lightningcss-darwin-x64@1.33.0:
    optional: true

  lightningcss-linux-arm64-gnu@1.33.0:
    optional: true

  lightningcss-linux-arm64-musl@1.33.0:
    optional: true

  lightningcss-linux-x64-gnu@1.33.0:
    optional: true

  lightningcss-linux-x64-musl@1.33.0:
    optional: true

  lightningcss-win32-arm64-msvc@1.33.0:
    optional: true

  lightningcss-win32-x64-msvc@1.33.0:
    optional: true

  lightningcss@1.33.0:
    dependencies:
      detect-libc: 2.1.2
    optionalDependencies:
      lightningcss-darwin-arm64: 1.33.0
      lightningcss-darwin-x64: 1.33.0
      lightningcss-linux-arm64-gnu: 1.33.0
      lightningcss-linux-arm64-musl: 1.33.0
      lightningcss-linux-x64-gnu: 1.33.0
      lightningcss-linux-x64-musl: 1.33.0
      lightningcss-win32-arm64-msvc: 1.33.0
      lightningcss-win32-x64-msvc: 1.33.0

  merge2@1.4.1: {}

  micromatch@4.0.8:
    dependencies:
      braces: 3.0.3
      picomatch: 2.3.1

  node-releases@2.0.54: {}

  picocolors@1.1.1: {}

  picomatch@2.3.1: {}

  queue-microtask@1.2.3: {}

  reusify@1.0.4: {}

  run-parallel@1.2.0:
    dependencies:
      queue-microtask: 1.2.3

  sasso-native-darwin-arm64@0.19.3:
    optional: true

  sasso-native-darwin-x64@0.19.3:
    optional: true

  sasso-native-linux-arm64-gnu@0.19.3:
    optional: true

  sasso-native-linux-x64-gnu@0.19.3:
    optional: true

  sasso@0.19.3:
    optionalDependencies:
      sasso-native-darwin-arm64: 0.19.3
      sasso-native-darwin-x64: 0.19.3
      sasso-native-linux-arm64-gnu: 0.19.3
      sasso-native-linux-x64-gnu: 0.19.3

  to-regex-range@5.0.1:
    dependencies:
      is-number: 7.0.0

  typescript@7.0.2:
    optionalDependencies:
      '@typescript/typescript-darwin-arm64': 7.0.2
      '@typescript/typescript-darwin-x64': 7.0.2
      '@typescript/typescript-linux-arm': 7.0.2
      '@typescript/typescript-linux-arm64': 7.0.2
      '@typescript/typescript-linux-x64': 7.0.2
      '@typescript/typescript-win32-arm64': 7.0.2
      '@typescript/typescript-win32-x64': 7.0.2

  undici-types@7.18.2: {}

  update-browserslist-db@1.3.2(browserslist@4.28.9):
    dependencies:
      browserslist: 4.28.9
      escalade: 3.2.0
      picocolors: 1.1.1
